
Microsoft Visual Studio Solution File, Format Version 12.00
# Visual Studio 15
VisualStudioVersion = 15.0.26124.0
MinimumVisualStudioVersion = 15.0.26124.0
Project("{F2A71F9B-5D33-465A-A702-920D77279786}") = "FSlugify", "src\FSlugify\FSlugify.fsproj", "{A9535C5B-5715-4C92-B0FB-D735D6748A3D}"
EndProject
Project("{F2A71F9B-5D33-465A-A702-920D77279786}") = "FSlugify.Tests", "tests\FSlugify\FSlugify.Tests.fsproj", "{335783FE-9045-43B1-A81A-1384524E2B6A}"
EndProject
Global
	GlobalSection(SolutionConfigurationPlatforms) = preSolution
		Debug|Any CPU = Debug|Any CPU
		Debug|x64 = Debug|x64
		Debug|x86 = Debug|x86
		Release|Any CPU = Release|Any CPU
		Release|x64 = Release|x64
		Release|x86 = Release|x86
	EndGlobalSection
	GlobalSection(SolutionProperties) = preSolution
		HideSolutionNode = FALSE
	EndGlobalSection
	GlobalSection(ProjectConfigurationPlatforms) = postSolution
		{A9535C5B-5715-4C92-B0FB-D735D6748A3D}.Debug|Any CPU.ActiveCfg = Debug|Any CPU
		{A9535C5B-5715-4C92-B0FB-D735D6748A3D}.Debug|Any CPU.Build.0 = Debug|Any CPU
		{A9535C5B-5715-4C92-B0FB-D735D6748A3D}.Debug|x64.ActiveCfg = Debug|Any CPU
		{A9535C5B-5715-4C92-B0FB-D735D6748A3D}.Debug|x64.Build.0 = Debug|Any CPU
		{A9535C5B-5715-4C92-B0FB-D735D6748A3D}.Debug|x86.ActiveCfg = Debug|Any CPU
		{A9535C5B-5715-4C92-B0FB-D735D6748A3D}.Debug|x86.Build.0 = Debug|Any CPU
		{A9535C5B-5715-4C92-B0FB-D735D6748A3D}.Release|Any CPU.ActiveCfg = Release|Any CPU
		{A9535C5B-5715-4C92-B0FB-D735D6748A3D}.Release|Any CPU.Build.0 = Release|Any CPU
		{A9535C5B-5715-4C92-B0FB-D735D6748A3D}.Release|x64.ActiveCfg = Release|Any CPU
		{A9535C5B-5715-4C92-B0FB-D735D6748A3D}.Release|x64.Build.0 = Release|Any CPU
		{A9535C5B-5715-4C92-B0FB-D735D6748A3D}.Release|x86.ActiveCfg = Release|Any CPU
		{A9535C5B-5715-4C92-B0FB-D735D6748A3D}.Release|x86.Build.0 = Release|Any CPU
		{335783FE-9045-43B1-A81A-1384524E2B6A}.Debug|Any CPU.ActiveCfg = Debug|Any CPU
		{335783FE-9045-43B1-A81A-1384524E2B6A}.Debug|Any CPU.Build.0 = Debug|Any CPU
		{335783FE-9045-43B1-A81A-1384524E2B6A}.Debug|x64.ActiveCfg = Debug|Any CPU
		{335783FE-9045-43B1-A81A-1384524E2B6A}.Debug|x64.Build.0 = Debug|Any CPU
		{335783FE-9045-43B1-A81A-1384524E2B6A}.Debug|x86.ActiveCfg = Debug|Any CPU
		{335783FE-9045-43B1-A81A-1384524E2B6A}.Debug|x86.Build.0 = Debug|Any CPU
		{335783FE-9045-43B1-A81A-1384524E2B6A}.Release|Any CPU.ActiveCfg = Release|Any CPU
		{335783FE-9045-43B1-A81A-1384524E2B6A}.Release|Any CPU.Build.0 = Release|Any CPU
		{335783FE-9045-43B1-A81A-1384524E2B6A}.Release|x64.ActiveCfg = Release|Any CPU
		{335783FE-9045-43B1-A81A-1384524E2B6A}.Release|x64.Build.0 = Release|Any CPU
		{335783FE-9045-43B1-A81A-1384524E2B6A}.Release|x86.ActiveCfg = Release|Any CPU
		{335783FE-9045-43B1-A81A-1384524E2B6A}.Release|x86.Build.0 = Release|Any CPU
	EndGlobalSection
EndGlobal
