
Microsoft Visual Studio Solution File, Format Version 12.00
# Visual Studio 15
VisualStudioVersion = 15.0.26124.0
MinimumVisualStudioVersion = 15.0.26124.0
Project("{F2A71F9B-5D33-465A-A702-920D77279786}") = "FSlugify", "src\FSlugify\FSlugify.fsproj", "{A9535C5B-5715-4C92-B0FB-D735D6748A3D}"
EndProject
Project("{F2A71F9B-5D33-465A-A702-920D77279786}") = "FSlugify.Tests", "tests\FSlugify\FSlugify.Tests.fsproj", "{335783FE-9045-43B1-A81A-1384524E2B6A}"
EndProject
Project("{2150E333-8FDC-42A3-9474-1A3956D46DE8}") = "samples", "samples", "{B2838857-1A42-4F30-BDFA-EE7B62BDA37C}"
EndProject
Project("{F2A71F9B-5D33-465A-A702-920D77279786}") = "FSharp.Sample", "samples\FSharp.Sample\FSharp.Sample.fsproj", "{FEC97625-2470-4701-92DD-9CCD55CBDA4F}"
EndProject
Project("{F2A71F9B-5D33-465A-A702-920D77279786}") = "FSharp.ComputationExpression", "samples\FSharp.ComputationExpression\FSharp.ComputationExpression.fsproj", "{4E90FBBC-4A08-4D4B-BFCD-6D25492BD885}"
EndProject
Project("{FAE04EC0-301F-11D3-BF4B-00C04F79EFBC}") = "CSharp.Sample", "samples\CSharp.Sample\CSharp.Sample.csproj", "{162220A8-6D15-41E6-BFD8-E584F6DBE65A}"
EndProject
Global
	GlobalSection(SolutionConfigurationPlatforms) = preSolution
		Debug|Any CPU = Debug|Any CPU
		Debug|x64 = Debug|x64
		Debug|x86 = Debug|x86
		Release|Any CPU = Release|Any CPU
		Release|x64 = Release|x64
		Release|x86 = Release|x86
	EndGlobalSection
	GlobalSection(SolutionProperties) = preSolution
		HideSolutionNode = FALSE
	EndGlobalSection
	GlobalSection(ProjectConfigurationPlatforms) = postSolution
		{A9535C5B-5715-4C92-B0FB-D735D6748A3D}.Debug|Any CPU.ActiveCfg = Debug|Any CPU
		{A9535C5B-5715-4C92-B0FB-D735D6748A3D}.Debug|Any CPU.Build.0 = Debug|Any CPU
		{A9535C5B-5715-4C92-B0FB-D735D6748A3D}.Debug|x64.ActiveCfg = Debug|Any CPU
		{A9535C5B-5715-4C92-B0FB-D735D6748A3D}.Debug|x64.Build.0 = Debug|Any CPU
		{A9535C5B-5715-4C92-B0FB-D735D6748A3D}.Debug|x86.ActiveCfg = Debug|Any CPU
		{A9535C5B-5715-4C92-B0FB-D735D6748A3D}.Debug|x86.Build.0 = Debug|Any CPU
		{A9535C5B-5715-4C92-B0FB-D735D6748A3D}.Release|Any CPU.ActiveCfg = Release|Any CPU
		{A9535C5B-5715-4C92-B0FB-D735D6748A3D}.Release|Any CPU.Build.0 = Release|Any CPU
		{A9535C5B-5715-4C92-B0FB-D735D6748A3D}.Release|x64.ActiveCfg = Release|Any CPU
		{A9535C5B-5715-4C92-B0FB-D735D6748A3D}.Release|x64.Build.0 = Release|Any CPU
		{A9535C5B-5715-4C92-B0FB-D735D6748A3D}.Release|x86.ActiveCfg = Release|Any CPU
		{A9535C5B-5715-4C92-B0FB-D735D6748A3D}.Release|x86.Build.0 = Release|Any CPU
		{335783FE-9045-43B1-A81A-1384524E2B6A}.Debug|Any CPU.ActiveCfg = Debug|Any CPU
		{335783FE-9045-43B1-A81A-1384524E2B6A}.Debug|Any CPU.Build.0 = Debug|Any CPU
		{335783FE-9045-43B1-A81A-1384524E2B6A}.Debug|x64.ActiveCfg = Debug|Any CPU
		{335783FE-9045-43B1-A81A-1384524E2B6A}.Debug|x64.Build.0 = Debug|Any CPU
		{335783FE-9045-43B1-A81A-1384524E2B6A}.Debug|x86.ActiveCfg = Debug|Any CPU
		{335783FE-9045-43B1-A81A-1384524E2B6A}.Debug|x86.Build.0 = Debug|Any CPU
		{335783FE-9045-43B1-A81A-1384524E2B6A}.Release|Any CPU.ActiveCfg = Release|Any CPU
		{335783FE-9045-43B1-A81A-1384524E2B6A}.Release|Any CPU.Build.0 = Release|Any CPU
		{335783FE-9045-43B1-A81A-1384524E2B6A}.Release|x64.ActiveCfg = Release|Any CPU
		{335783FE-9045-43B1-A81A-1384524E2B6A}.Release|x64.Build.0 = Release|Any CPU
		{335783FE-9045-43B1-A81A-1384524E2B6A}.Release|x86.ActiveCfg = Release|Any CPU
		{335783FE-9045-43B1-A81A-1384524E2B6A}.Release|x86.Build.0 = Release|Any CPU
		{FEC97625-2470-4701-92DD-9CCD55CBDA4F}.Debug|Any CPU.ActiveCfg = Debug|Any CPU
		{FEC97625-2470-4701-92DD-9CCD55CBDA4F}.Debug|Any CPU.Build.0 = Debug|Any CPU
		{FEC97625-2470-4701-92DD-9CCD55CBDA4F}.Debug|x64.ActiveCfg = Debug|Any CPU
		{FEC97625-2470-4701-92DD-9CCD55CBDA4F}.Debug|x64.Build.0 = Debug|Any CPU
		{FEC97625-2470-4701-92DD-9CCD55CBDA4F}.Debug|x86.ActiveCfg = Debug|Any CPU
		{FEC97625-2470-4701-92DD-9CCD55CBDA4F}.Debug|x86.Build.0 = Debug|Any CPU
		{FEC97625-2470-4701-92DD-9CCD55CBDA4F}.Release|Any CPU.ActiveCfg = Release|Any CPU
		{FEC97625-2470-4701-92DD-9CCD55CBDA4F}.Release|Any CPU.Build.0 = Release|Any CPU
		{FEC97625-2470-4701-92DD-9CCD55CBDA4F}.Release|x64.ActiveCfg = Release|Any CPU
		{FEC97625-2470-4701-92DD-9CCD55CBDA4F}.Release|x64.Build.0 = Release|Any CPU
		{FEC97625-2470-4701-92DD-9CCD55CBDA4F}.Release|x86.ActiveCfg = Release|Any CPU
		{FEC97625-2470-4701-92DD-9CCD55CBDA4F}.Release|x86.Build.0 = Release|Any CPU
		{4E90FBBC-4A08-4D4B-BFCD-6D25492BD885}.Debug|Any CPU.ActiveCfg = Debug|Any CPU
		{4E90FBBC-4A08-4D4B-BFCD-6D25492BD885}.Debug|Any CPU.Build.0 = Debug|Any CPU
		{4E90FBBC-4A08-4D4B-BFCD-6D25492BD885}.Debug|x64.ActiveCfg = Debug|Any CPU
		{4E90FBBC-4A08-4D4B-BFCD-6D25492BD885}.Debug|x64.Build.0 = Debug|Any CPU
		{4E90FBBC-4A08-4D4B-BFCD-6D25492BD885}.Debug|x86.ActiveCfg = Debug|Any CPU
		{4E90FBBC-4A08-4D4B-BFCD-6D25492BD885}.Debug|x86.Build.0 = Debug|Any CPU
		{4E90FBBC-4A08-4D4B-BFCD-6D25492BD885}.Release|Any CPU.ActiveCfg = Release|Any CPU
		{4E90FBBC-4A08-4D4B-BFCD-6D25492BD885}.Release|Any CPU.Build.0 = Release|Any CPU
		{4E90FBBC-4A08-4D4B-BFCD-6D25492BD885}.Release|x64.ActiveCfg = Release|Any CPU
		{4E90FBBC-4A08-4D4B-BFCD-6D25492BD885}.Release|x64.Build.0 = Release|Any CPU
		{4E90FBBC-4A08-4D4B-BFCD-6D25492BD885}.Release|x86.ActiveCfg = Release|Any CPU
		{4E90FBBC-4A08-4D4B-BFCD-6D25492BD885}.Release|x86.Build.0 = Release|Any CPU
		{162220A8-6D15-41E6-BFD8-E584F6DBE65A}.Debug|Any CPU.ActiveCfg = Debug|Any CPU
		{162220A8-6D15-41E6-BFD8-E584F6DBE65A}.Debug|Any CPU.Build.0 = Debug|Any CPU
		{162220A8-6D15-41E6-BFD8-E584F6DBE65A}.Debug|x64.ActiveCfg = Debug|Any CPU
		{162220A8-6D15-41E6-BFD8-E584F6DBE65A}.Debug|x64.Build.0 = Debug|Any CPU
		{162220A8-6D15-41E6-BFD8-E584F6DBE65A}.Debug|x86.ActiveCfg = Debug|Any CPU
		{162220A8-6D15-41E6-BFD8-E584F6DBE65A}.Debug|x86.Build.0 = Debug|Any CPU
		{162220A8-6D15-41E6-BFD8-E584F6DBE65A}.Release|Any CPU.ActiveCfg = Release|Any CPU
		{162220A8-6D15-41E6-BFD8-E584F6DBE65A}.Release|Any CPU.Build.0 = Release|Any CPU
		{162220A8-6D15-41E6-BFD8-E584F6DBE65A}.Release|x64.ActiveCfg = Release|Any CPU
		{162220A8-6D15-41E6-BFD8-E584F6DBE65A}.Release|x64.Build.0 = Release|Any CPU
		{162220A8-6D15-41E6-BFD8-E584F6DBE65A}.Release|x86.ActiveCfg = Release|Any CPU
		{162220A8-6D15-41E6-BFD8-E584F6DBE65A}.Release|x86.Build.0 = Release|Any CPU
	EndGlobalSection
	GlobalSection(NestedProjects) = preSolution
		{FEC97625-2470-4701-92DD-9CCD55CBDA4F} = {B2838857-1A42-4F30-BDFA-EE7B62BDA37C}
		{4E90FBBC-4A08-4D4B-BFCD-6D25492BD885} = {B2838857-1A42-4F30-BDFA-EE7B62BDA37C}
		{162220A8-6D15-41E6-BFD8-E584F6DBE65A} = {B2838857-1A42-4F30-BDFA-EE7B62BDA37C}
	EndGlobalSection
EndGlobal
